
Microsoft Visual Studio Solution File, Format Version 12.00
# Visual Studio 14
VisualStudioVersion = 14.0.25420.1
MinimumVisualStudioVersion = 10.0.40219.1
Project("{FAE04EC0-301F-11D3-BF4B-00C04F79EFBC}") = "Auth", "Auth\Auth.csproj", "{804EA3EA-E87C-4E39-BC22-DFA1D48201D2}"
EndProject
Project("{FAE04EC0-301F-11D3-BF4B-00C04F79EFBC}") = "Core", "Core\Core.csproj", "{31AB283D-B7B9-4E23-A0BC-01845642C5F0}"
EndProject
Project("{FAE04EC0-301F-11D3-BF4B-00C04F79EFBC}") = "Game", "Game\Game.csproj", "{C6DFF1BB-DBFD-4853-826B-C8873BDD487E}"
EndProject
Project("{FAE04EC0-301F-11D3-BF4B-00C04F79EFBC}") = "Battle", "Battle\Battle.csproj", "{90C85ABA-92FE-4F7A-888C-927200935155}"
EndProject
Global
	GlobalSection(SolutionConfigurationPlatforms) = preSolution
		Debug|Any CPU = Debug|Any CPU
		Debug|Mixed Platforms = Debug|Mixed Platforms
		Debug|x86 = Debug|x86
		Release|Any CPU = Release|Any CPU
		Release|Mixed Platforms = Release|Mixed Platforms
		Release|x86 = Release|x86
	EndGlobalSection
	GlobalSection(ProjectConfigurationPlatforms) = postSolution
		{804EA3EA-E87C-4E39-BC22-DFA1D48201D2}.Debug|Any CPU.ActiveCfg = Debug|x86
		{804EA3EA-E87C-4E39-BC22-DFA1D48201D2}.Debug|Mixed Platforms.ActiveCfg = Debug|x86
		{804EA3EA-E87C-4E39-BC22-DFA1D48201D2}.Debug|Mixed Platforms.Build.0 = Debug|x86
		{804EA3EA-E87C-4E39-BC22-DFA1D48201D2}.Debug|x86.ActiveCfg = Debug|x86
		{804EA3EA-E87C-4E39-BC22-DFA1D48201D2}.Debug|x86.Build.0 = Debug|x86
		{804EA3EA-E87C-4E39-BC22-DFA1D48201D2}.Release|Any CPU.ActiveCfg = Release|x86
		{804EA3EA-E87C-4E39-BC22-DFA1D48201D2}.Release|Mixed Platforms.ActiveCfg = Release|x86
		{804EA3EA-E87C-4E39-BC22-DFA1D48201D2}.Release|Mixed Platforms.Build.0 = Release|x86
		{804EA3EA-E87C-4E39-BC22-DFA1D48201D2}.Release|x86.ActiveCfg = Release|x86
		{804EA3EA-E87C-4E39-BC22-DFA1D48201D2}.Release|x86.Build.0 = Release|x86
		{31AB283D-B7B9-4E23-A0BC-01845642C5F0}.Debug|Any CPU.ActiveCfg = Debug|Any CPU
		{31AB283D-B7B9-4E23-A0BC-01845642C5F0}.Debug|Any CPU.Build.0 = Debug|Any CPU
		{31AB283D-B7B9-4E23-A0BC-01845642C5F0}.Debug|Mixed Platforms.ActiveCfg = Debug|Any CPU
		{31AB283D-B7B9-4E23-A0BC-01845642C5F0}.Debug|Mixed Platforms.Build.0 = Debug|Any CPU
		{31AB283D-B7B9-4E23-A0BC-01845642C5F0}.Debug|x86.ActiveCfg = Debug|Any CPU
		{31AB283D-B7B9-4E23-A0BC-01845642C5F0}.Release|Any CPU.ActiveCfg = Release|Any CPU
		{31AB283D-B7B9-4E23-A0BC-01845642C5F0}.Release|Any CPU.Build.0 = Release|Any CPU
		{31AB283D-B7B9-4E23-A0BC-01845642C5F0}.Release|Mixed Platforms.ActiveCfg = Release|Any CPU
		{31AB283D-B7B9-4E23-A0BC-01845642C5F0}.Release|Mixed Platforms.Build.0 = Release|Any CPU
		{31AB283D-B7B9-4E23-A0BC-01845642C5F0}.Release|x86.ActiveCfg = Release|Any CPU
		{C6DFF1BB-DBFD-4853-826B-C8873BDD487E}.Debug|Any CPU.ActiveCfg = Debug|x86
		{C6DFF1BB-DBFD-4853-826B-C8873BDD487E}.Debug|Mixed Platforms.ActiveCfg = Debug|x86
		{C6DFF1BB-DBFD-4853-826B-C8873BDD487E}.Debug|Mixed Platforms.Build.0 = Debug|x86
		{C6DFF1BB-DBFD-4853-826B-C8873BDD487E}.Debug|x86.ActiveCfg = Debug|x86
		{C6DFF1BB-DBFD-4853-826B-C8873BDD487E}.Debug|x86.Build.0 = Debug|x86
		{C6DFF1BB-DBFD-4853-826B-C8873BDD487E}.Release|Any CPU.ActiveCfg = Release|x86
		{C6DFF1BB-DBFD-4853-826B-C8873BDD487E}.Release|Mixed Platforms.ActiveCfg = Release|x86
		{C6DFF1BB-DBFD-4853-826B-C8873BDD487E}.Release|Mixed Platforms.Build.0 = Release|x86
		{C6DFF1BB-DBFD-4853-826B-C8873BDD487E}.Release|x86.ActiveCfg = Release|x86
		{C6DFF1BB-DBFD-4853-826B-C8873BDD487E}.Release|x86.Build.0 = Release|x86
		{90C85ABA-92FE-4F7A-888C-927200935155}.Debug|Any CPU.ActiveCfg = Debug|x86
		{90C85ABA-92FE-4F7A-888C-927200935155}.Debug|Mixed Platforms.ActiveCfg = Debug|x86
		{90C85ABA-92FE-4F7A-888C-927200935155}.Debug|Mixed Platforms.Build.0 = Debug|x86
		{90C85ABA-92FE-4F7A-888C-927200935155}.Debug|x86.ActiveCfg = Debug|x86
		{90C85ABA-92FE-4F7A-888C-927200935155}.Debug|x86.Build.0 = Debug|x86
		{90C85ABA-92FE-4F7A-888C-927200935155}.Release|Any CPU.ActiveCfg = Release|x86
		{90C85ABA-92FE-4F7A-888C-927200935155}.Release|Mixed Platforms.ActiveCfg = Release|x86
		{90C85ABA-92FE-4F7A-888C-927200935155}.Release|Mixed Platforms.Build.0 = Release|x86
		{90C85ABA-92FE-4F7A-888C-927200935155}.Release|x86.ActiveCfg = Release|x86
		{90C85ABA-92FE-4F7A-888C-927200935155}.Release|x86.Build.0 = Release|x86
	EndGlobalSection
	GlobalSection(SolutionProperties) = preSolution
		HideSolutionNode = FALSE
	EndGlobalSection
EndGlobal
